// !$*UTF8*$!
{
	archiveVersion = 1;
	classes = {
	};
	objectVersion = 56;
	objects = {

/* Begin PBXBuildFile section */
		A08259C82A6F482A00C3EF4C /* RecipeView.swift in Sources */ = {isa = PBXBuildFile; fileRef = A08259C72A6F482A00C3EF4C /* RecipeView.swift */; };
		A08259CA2A6F55E400C3EF4C /* CategoryView.swift in Sources */ = {isa = PBXBuildFile; fileRef = A08259C92A6F55E400C3EF4C /* CategoryView.swift */; };
		A0A7519B2A6EFC850013AB7F /* ReceitaServirApp.swift in Sources */ = {isa = PBXBuildFile; fileRef = A0A7519A2A6EFC850013AB7F /* ReceitaServirApp.swift */; };
		A0A7519D2A6EFC850013AB7F /* ContentView.swift in Sources */ = {isa = PBXBuildFile; fileRef = A0A7519C2A6EFC850013AB7F /* ContentView.swift */; };
		A0A7519F2A6EFC870013AB7F /* Assets.xcassets in Resources */ = {isa = PBXBuildFile; fileRef = A0A7519E2A6EFC870013AB7F /* Assets.xcassets */; };
		A0A751A22A6EFC870013AB7F /* Preview Assets.xcassets in Resources */ = {isa = PBXBuildFile; fileRef = A0A751A12A6EFC870013AB7F /* Preview Assets.xcassets */; };
		A0A751AF2A6EFE190013AB7F /* HomeView.swift in Sources */ = {isa = PBXBuildFile; fileRef = A0A751AE2A6EFE190013AB7F /* HomeView.swift */; };
		A0A751B12A6EFE3A0013AB7F /* CategoriesView.swift in Sources */ = {isa = PBXBuildFile; fileRef = A0A751B02A6EFE3A0013AB7F /* CategoriesView.swift */; };
		A0A751B32A6EFE7C0013AB7F /* NewRecipeView.swift in Sources */ = {isa = PBXBuildFile; fileRef = A0A751B22A6EFE7C0013AB7F /* NewRecipeView.swift */; };
		A0A751B52A6EFE9D0013AB7F /* FavoritesView.swift in Sources */ = {isa = PBXBuildFile; fileRef = A0A751B42A6EFE9D0013AB7F /* FavoritesView.swift */; };
		A0A751B72A6EFEB50013AB7F /* SettingsView.swift in Sources */ = {isa = PBXBuildFile; fileRef = A0A751B62A6EFEB50013AB7F /* SettingsView.swift */; };
		A0A751B92A6F038A0013AB7F /* TabBar.swift in Sources */ = {isa = PBXBuildFile; fileRef = A0A751B82A6F038A0013AB7F /* TabBar.swift */; };
		A0A751BB2A6F0CCB0013AB7F /* RecipeModel.swift in Sources */ = {isa = PBXBuildFile; fileRef = A0A751BA2A6F0CCB0013AB7F /* RecipeModel.swift */; };
		A0A751BD2A6F38590013AB7F /* RecipeCard.swift in Sources */ = {isa = PBXBuildFile; fileRef = A0A751BC2A6F38590013AB7F /* RecipeCard.swift */; };
		A0A751BF2A6F41F70013AB7F /* RecipeList.swift in Sources */ = {isa = PBXBuildFile; fileRef = A0A751BE2A6F41F70013AB7F /* RecipeList.swift */; };
		A0B9F4682A701067002F4131 /* AddRecipeView.swift in Sources */ = {isa = PBXBuildFile; fileRef = A0B9F4672A701067002F4131 /* AddRecipeView.swift */; };
		A0B9F46A2A704A7F002F4131 /* RecipesViewModel.swift in Sources */ = {isa = PBXBuildFile; fileRef = A0B9F4692A704A7F002F4131 /* RecipesViewModel.swift */; };
/* End PBXBuildFile section */

/* Begin PBXFileReference section */
		A08259C72A6F482A00C3EF4C /* RecipeView.swift */ = {isa = PBXFileReference; lastKnownFileType = sourcecode.swift; path = RecipeView.swift; sourceTree = "<group>"; };
		A08259C92A6F55E400C3EF4C /* CategoryView.swift */ = {isa = PBXFileReference; lastKnownFileType = sourcecode.swift; path = CategoryView.swift; sourceTree = "<group>"; };
		A0A751972A6EFC850013AB7F /* ReceitaServir.app */ = {isa = PBXFileReference; explicitFileType = wrapper.application; includeInIndex = 0; path = ReceitaServir.app; sourceTree = BUILT_PRODUCTS_DIR; };
		A0A7519A2A6EFC850013AB7F /* ReceitaServirApp.swift */ = {isa = PBXFileReference; lastKnownFileType = sourcecode.swift; path = ReceitaServirApp.swift; sourceTree = "<group>"; };
		A0A7519C2A6EFC850013AB7F /* ContentView.swift */ = {isa = PBXFileReference; lastKnownFileType = sourcecode.swift; path = ContentView.swift; sourceTree = "<group>"; };
		A0A7519E2A6EFC870013AB7F /* Assets.xcassets */ = {isa = PBXFileReference; lastKnownFileType = folder.assetcatalog; path = Assets.xcassets; sourceTree = "<group>"; };
		A0A751A12A6EFC870013AB7F /* Preview Assets.xcassets */ = {isa = PBXFileReference; lastKnownFileType = folder.assetcatalog; path = "Preview Assets.xcassets"; sourceTree = "<group>"; };
		A0A751AE2A6EFE190013AB7F /* HomeView.swift */ = {isa = PBXFileReference; lastKnownFileType = sourcecode.swift; path = HomeView.swift; sourceTree = "<group>"; };
		A0A751B02A6EFE3A0013AB7F /* CategoriesView.swift */ = {isa = PBXFileReference; lastKnownFileType = sourcecode.swift; path = CategoriesView.swift; sourceTree = "<group>"; };
		A0A751B22A6EFE7C0013AB7F /* NewRecipeView.swift */ = {isa = PBXFileReference; lastKnownFileType = sourcecode.swift; path = NewRecipeView.swift; sourceTree = "<group>"; };
		A0A751B42A6EFE9D0013AB7F /* FavoritesView.swift */ = {isa = PBXFileReference; lastKnownFileType = sourcecode.swift; path = FavoritesView.swift; sourceTree = "<group>"; };
		A0A751B62A6EFEB50013AB7F /* SettingsView.swift */ = {isa = PBXFileReference; lastKnownFileType = sourcecode.swift; path = SettingsView.swift; sourceTree = "<group>"; };
		A0A751B82A6F038A0013AB7F /* TabBar.swift */ = {isa = PBXFileReference; lastKnownFileType = sourcecode.swift; path = TabBar.swift; sourceTree = "<group>"; };
		A0A751BA2A6F0CCB0013AB7F /* RecipeModel.swift */ = {isa = PBXFileReference; lastKnownFileType = sourcecode.swift; path = RecipeModel.swift; sourceTree = "<group>"; };
		A0A751BC2A6F38590013AB7F /* RecipeCard.swift */ = {isa = PBXFileReference; lastKnownFileType = sourcecode.swift; path = RecipeCard.swift; sourceTree = "<group>"; };
		A0A751BE2A6F41F70013AB7F /* RecipeList.swift */ = {isa = PBXFileReference; lastKnownFileType = sourcecode.swift; path = RecipeList.swift; sourceTree = "<group>"; };
		A0B9F4672A701067002F4131 /* AddRecipeView.swift */ = {isa = PBXFileReference; lastKnownFileType = sourcecode.swift; path = AddRecipeView.swift; sourceTree = "<group>"; };
		A0B9F4692A704A7F002F4131 /* RecipesViewModel.swift */ = {isa = PBXFileReference; lastKnownFileType = sourcecode.swift; path = RecipesViewModel.swift; sourceTree = "<group>"; };
/* End PBXFileReference section */

/* Begin PBXFrameworksBuildPhase section */
		A0A751942A6EFC850013AB7F /* Frameworks */ = {
			isa = PBXFrameworksBuildPhase;
			buildActionMask = 2147483647;
			files = (
			);
			runOnlyForDeploymentPostprocessing = 0;
		};
/* End PBXFrameworksBuildPhase section */

/* Begin PBXGroup section */
		A0A7518E2A6EFC850013AB7F = {
			isa = PBXGroup;
			children = (
				A0A751992A6EFC850013AB7F /* ReceitaServir */,
				A0A751982A6EFC850013AB7F /* Products */,
			);
			sourceTree = "<group>";
		};
		A0A751982A6EFC850013AB7F /* Products */ = {
			isa = PBXGroup;
			children = (
				A0A751972A6EFC850013AB7F /* ReceitaServir.app */,
			);
			name = Products;
			sourceTree = "<group>";
		};
		A0A751992A6EFC850013AB7F /* ReceitaServir */ = {
			isa = PBXGroup;
			children = (
				A0A7519A2A6EFC850013AB7F /* ReceitaServirApp.swift */,
				A0A751A82A6EFCD10013AB7F /* Views */,
				A0A751AC2A6EFD460013AB7F /* ViewModels */,
				A0A751AD2A6EFD6C0013AB7F /* Models */,
				A0A7519E2A6EFC870013AB7F /* Assets.xcassets */,
				A0A751A02A6EFC870013AB7F /* Preview Content */,
			);
			path = ReceitaServir;
			sourceTree = "<group>";
		};
		A0A751A02A6EFC870013AB7F /* Preview Content */ = {
			isa = PBXGroup;
			children = (
				A0A751A12A6EFC870013AB7F /* Preview Assets.xcassets */,
			);
			path = "Preview Content";
			sourceTree = "<group>";
		};
		A0A751A82A6EFCD10013AB7F /* Views */ = {
			isa = PBXGroup;
			children = (
				A0A751A92A6EFCE40013AB7F /* main */,
				A0A751AB2A6EFD2A0013AB7F /* Components */,
				A0A751AA2A6EFCFF0013AB7F /* Detaill */,
			);
			path = Views;
			sourceTree = "<group>";
		};
		A0A751A92A6EFCE40013AB7F /* main */ = {
			isa = PBXGroup;
			children = (
				A0A7519C2A6EFC850013AB7F /* ContentView.swift */,
				A0A751B82A6F038A0013AB7F /* TabBar.swift */,
				A0A751AE2A6EFE190013AB7F /* HomeView.swift */,
				A0A751B02A6EFE3A0013AB7F /* CategoriesView.swift */,
				A0A751B22A6EFE7C0013AB7F /* NewRecipeView.swift */,
				A0A751B42A6EFE9D0013AB7F /* FavoritesView.swift */,
				A0A751B62A6EFEB50013AB7F /* SettingsView.swift */,
			);
			path = main;
			sourceTree = "<group>";
		};
		A0A751AA2A6EFCFF0013AB7F /* Detaill */ = {
			isa = PBXGroup;
			children = (
				A08259C72A6F482A00C3EF4C /* RecipeView.swift */,
				A08259C92A6F55E400C3EF4C /* CategoryView.swift */,
				A0B9F4672A701067002F4131 /* AddRecipeView.swift */,
			);
			path = Detaill;
			sourceTree = "<group>";
		};
		A0A751AB2A6EFD2A0013AB7F /* Components */ = {
			isa = PBXGroup;
			children = (
				A0A751BC2A6F38590013AB7F /* RecipeCard.swift */,
				A0A751BE2A6F41F70013AB7F /* RecipeList.swift */,
			);
			path = Components;
			sourceTree = "<group>";
		};
		A0A751AC2A6EFD460013AB7F /* ViewModels */ = {
			isa = PBXGroup;
			children = (
				A0B9F4692A704A7F002F4131 /* RecipesViewModel.swift */,
			);
			path = ViewModels;
			sourceTree = "<group>";
		};
		A0A751AD2A6EFD6C0013AB7F /* Models */ = {
			isa = PBXGroup;
			children = (
				A0A751BA2A6F0CCB0013AB7F /* RecipeModel.swift */,
			);
			path = Models;
			sourceTree = "<group>";
		};
/* End PBXGroup section */

/* Begin PBXNativeTarget section */
		A0A751962A6EFC850013AB7F /* ReceitaServir */ = {
			isa = PBXNativeTarget;
			buildConfigurationList = A0A751A52A6EFC870013AB7F /* Build configuration list for PBXNativeTarget "ReceitaServir" */;
			buildPhases = (
				A0A751932A6EFC850013AB7F /* Sources */,
				A0A751942A6EFC850013AB7F /* Frameworks */,
				A0A751952A6EFC850013AB7F /* Resources */,
			);
			buildRules = (
			);
			dependencies = (
			);
			name = ReceitaServir;
			productName = ReceitaServir;
			productReference = A0A751972A6EFC850013AB7F /* ReceitaServir.app */;
			productType = "com.apple.product-type.application";
		};
/* End PBXNativeTarget section */

/* Begin PBXProject section */
		A0A7518F2A6EFC850013AB7F /* Project object */ = {
			isa = PBXProject;
			attributes = {
				BuildIndependentTargetsInParallel = 1;
				LastSwiftUpdateCheck = 1430;
				LastUpgradeCheck = 1430;
				TargetAttributes = {
					A0A751962A6EFC850013AB7F = {
						CreatedOnToolsVersion = 14.3.1;
					};
				};
			};
			buildConfigurationList = A0A751922A6EFC850013AB7F /* Build configuration list for PBXProject "ReceitaServir" */;
			compatibilityVersion = "Xcode 14.0";
			developmentRegion = en;
			hasScannedForEncodings = 0;
			knownRegions = (
				en,
				Base,
			);
			mainGroup = A0A7518E2A6EFC850013AB7F;
			productRefGroup = A0A751982A6EFC850013AB7F /* Products */;
			projectDirPath = "";
			projectRoot = "";
			targets = (
				A0A751962A6EFC850013AB7F /* ReceitaServir */,
			);
		};
/* End PBXProject section */

/* Begin PBXResourcesBuildPhase section */
		A0A751952A6EFC850013AB7F /* Resources */ = {
			isa = PBXResourcesBuildPhase;
			buildActionMask = 2147483647;
			files = (
				A0A751A22A6EFC870013AB7F /* Preview Assets.xcassets in Resources */,
				A0A7519F2A6EFC870013AB7F /* Assets.xcassets in Resources */,
			);
			runOnlyForDeploymentPostprocessing = 0;
		};
/* End PBXResourcesBuildPhase section */

/* Begin PBXSourcesBuildPhase section */
		A0A751932A6EFC850013AB7F /* Sources */ = {
			isa = PBXSourcesBuildPhase;
			buildActionMask = 2147483647;
			files = (
				A0B9F4682A701067002F4131 /* AddRecipeView.swift in Sources */,
				A0A751B72A6EFEB50013AB7F /* SettingsView.swift in Sources */,
				A0A751BD2A6F38590013AB7F /* RecipeCard.swift in Sources */,
				A0A751B12A6EFE3A0013AB7F /* CategoriesView.swift in Sources */,
				A0A751B32A6EFE7C0013AB7F /* NewRecipeView.swift in Sources */,
				A0A751B92A6F038A0013AB7F /* TabBar.swift in Sources */,
				A08259CA2A6F55E400C3EF4C /* CategoryView.swift in Sources */,
				A0A751B52A6EFE9D0013AB7F /* FavoritesView.swift in Sources */,
				A08259C82A6F482A00C3EF4C /* RecipeView.swift in Sources */,
				A0A751BF2A6F41F70013AB7F /* RecipeList.swift in Sources */,
				A0A751AF2A6EFE190013AB7F /* HomeView.swift in Sources */,
				A0A7519D2A6EFC850013AB7F /* ContentView.swift in Sources */,
				A0B9F46A2A704A7F002F4131 /* RecipesViewModel.swift in Sources */,
				A0A7519B2A6EFC850013AB7F /* ReceitaServirApp.swift in Sources */,
				A0A751BB2A6F0CCB0013AB7F /* RecipeModel.swift in Sources */,
			);
			runOnlyForDeploymentPostprocessing = 0;
		};
/* End PBXSourcesBuildPhase section */

/* Begin XCBuildConfiguration section */
		A0A751A32A6EFC870013AB7F /* Debug */ = {
			isa = XCBuildConfiguration;
			buildSettings = {
				ALWAYS_SEARCH_USER_PATHS = NO;
				CLANG_ANALYZER_NONNULL = YES;
				CLANG_ANALYZER_NUMBER_OBJECT_CONVERSION = YES_AGGRESSIVE;
				CLANG_CXX_LANGUAGE_STANDARD = "gnu++20";
				CLANG_ENABLE_MODULES = YES;
				CLANG_ENABLE_OBJC_ARC = YES;
				CLANG_ENABLE_OBJC_WEAK = YES;
				CLANG_WARN_BLOCK_CAPTURE_AUTORELEASING = YES;
				CLANG_WARN_BOOL_CONVERSION = YES;
				CLANG_WARN_COMMA = YES;
				CLANG_WARN_CONSTANT_CONVERSION = YES;
				CLANG_WARN_DEPRECATED_OBJC_IMPLEMENTATIONS = YES;
				CLANG_WARN_DIRECT_OBJC_ISA_USAGE = YES_ERROR;
				CLANG_WARN_DOCUMENTATION_COMMENTS = YES;
				CLANG_WARN_EMPTY_BODY = YES;
				CLANG_WARN_ENUM_CONVERSION = YES;
				CLANG_WARN_INFINITE_RECURSION = YES;
				CLANG_WARN_INT_CONVERSION = YES;
				CLANG_WARN_NON_LITERAL_NULL_CONVERSION = YES;
				CLANG_WARN_OBJC_IMPLICIT_RETAIN_SELF = YES;
				CLANG_WARN_OBJC_LITERAL_CONVERSION = YES;
				CLANG_WARN_OBJC_ROOT_CLASS = YES_ERROR;
				CLANG_WARN_QUOTED_INCLUDE_IN_FRAMEWORK_HEADER = YES;
				CLANG_WARN_RANGE_LOOP_ANALYSIS = YES;
				CLANG_WARN_STRICT_PROTOTYPES = YES;
				CLANG_WARN_SUSPICIOUS_MOVE = YES;
				CLANG_WARN_UNGUARDED_AVAILABILITY = YES_AGGRESSIVE;
				CLANG_WARN_UNREACHABLE_CODE = YES;
				CLANG_WARN__DUPLICATE_METHOD_MATCH = YES;
				COPY_PHASE_STRIP = NO;
				DEBUG_INFORMATION_FORMAT = dwarf;
				ENABLE_STRICT_OBJC_MSGSEND = YES;
				ENABLE_TESTABILITY = YES;
				GCC_C_LANGUAGE_STANDARD = gnu11;
				GCC_DYNAMIC_NO_PIC = NO;
				GCC_NO_COMMON_BLOCKS = YES;
				GCC_OPTIMIZATION_LEVEL = 0;
				GCC_PREPROCESSOR_DEFINITIONS = (
					"DEBUG=1",
					"$(inherited)",
				);
				GCC_WARN_64_TO_32_BIT_CONVERSION = YES;
				GCC_WARN_ABOUT_RETURN_TYPE = YES_ERROR;
				GCC_WARN_UNDECLARED_SELECTOR = YES;
				GCC_WARN_UNINITIALIZED_AUTOS = YES_AGGRESSIVE;
				GCC_WARN_UNUSED_FUNCTION = YES;
				GCC_WARN_UNUSED_VARIABLE = YES;
				IPHONEOS_DEPLOYMENT_TARGET = 16.4;
				MTL_ENABLE_DEBUG_INFO = INCLUDE_SOURCE;
				MTL_FAST_MATH = YES;
				ONLY_ACTIVE_ARCH = YES;
				SDKROOT = iphoneos;
				SWIFT_ACTIVE_COMPILATION_CONDITIONS = DEBUG;
				SWIFT_OPTIMIZATION_LEVEL = "-Onone";
			};
			name = Debug;
		};
		A0A751A42A6EFC870013AB7F /* Release */ = {
			isa = XCBuildConfiguration;
			buildSettings = {
				ALWAYS_SEARCH_USER_PATHS = NO;
				CLANG_ANALYZER_NONNULL = YES;
				CLANG_ANALYZER_NUMBER_OBJECT_CONVERSION = YES_AGGRESSIVE;
				CLANG_CXX_LANGUAGE_STANDARD = "gnu++20";
				CLANG_ENABLE_MODULES = YES;
				CLANG_ENABLE_OBJC_ARC = YES;
				CLANG_ENABLE_OBJC_WEAK = YES;
				CLANG_WARN_BLOCK_CAPTURE_AUTORELEASING = YES;
				CLANG_WARN_BOOL_CONVERSION = YES;
				CLANG_WARN_COMMA = YES;
				CLANG_WARN_CONSTANT_CONVERSION = YES;
				CLANG_WARN_DEPRECATED_OBJC_IMPLEMENTATIONS = YES;
				CLANG_WARN_DIRECT_OBJC_ISA_USAGE = YES_ERROR;
				CLANG_WARN_DOCUMENTATION_COMMENTS = YES;
				CLANG_WARN_EMPTY_BODY = YES;
				CLANG_WARN_ENUM_CONVERSION = YES;
				CLANG_WARN_INFINITE_RECURSION = YES;
				CLANG_WARN_INT_CONVERSION = YES;
				CLANG_WARN_NON_LITERAL_NULL_CONVERSION = YES;
				CLANG_WARN_OBJC_IMPLICIT_RETAIN_SELF = YES;
				CLANG_WARN_OBJC_LITERAL_CONVERSION = YES;
				CLANG_WARN_OBJC_ROOT_CLASS = YES_ERROR;
				CLANG_WARN_QUOTED_INCLUDE_IN_FRAMEWORK_HEADER = YES;
				CLANG_WARN_RANGE_LOOP_ANALYSIS = YES;
				CLANG_WARN_STRICT_PROTOTYPES = YES;
				CLANG_WARN_SUSPICIOUS_MOVE = YES;
				CLANG_WARN_UNGUARDED_AVAILABILITY = YES_AGGRESSIVE;
				CLANG_WARN_UNREACHABLE_CODE = YES;
				CLANG_WARN__DUPLICATE_METHOD_MATCH = YES;
				COPY_PHASE_STRIP = NO;
				DEBUG_INFORMATION_FORMAT = "dwarf-with-dsym";
				ENABLE_NS_ASSERTIONS = NO;
				ENABLE_STRICT_OBJC_MSGSEND = YES;
				GCC_C_LANGUAGE_STANDARD = gnu11;
				GCC_NO_COMMON_BLOCKS = YES;
				GCC_WARN_64_TO_32_BIT_CONVERSION = YES;
				GCC_WARN_ABOUT_RETURN_TYPE = YES_ERROR;
				GCC_WARN_UNDECLARED_SELECTOR = YES;
				GCC_WARN_UNINITIALIZED_AUTOS = YES_AGGRESSIVE;
				GCC_WARN_UNUSED_FUNCTION = YES;
				GCC_WARN_UNUSED_VARIABLE = YES;
				IPHONEOS_DEPLOYMENT_TARGET = 16.4;
				MTL_ENABLE_DEBUG_INFO = NO;
				MTL_FAST_MATH = YES;
				SDKROOT = iphoneos;
				SWIFT_COMPILATION_MODE = wholemodule;
				SWIFT_OPTIMIZATION_LEVEL = "-O";
				VALIDATE_PRODUCT = YES;
			};
			name = Release;
		};
		A0A751A62A6EFC870013AB7F /* Debug */ = {
			isa = XCBuildConfiguration;
			buildSettings = {
				ASSETCATALOG_COMPILER_APPICON_NAME = AppIcon;
				ASSETCATALOG_COMPILER_GLOBAL_ACCENT_COLOR_NAME = AccentColor;
				CODE_SIGN_STYLE = Automatic;
				CURRENT_PROJECT_VERSION = 1;
				DEVELOPMENT_ASSET_PATHS = "\"ReceitaServir/Preview Content\"";
				DEVELOPMENT_TEAM = PQPU5T7SXS;
				ENABLE_PREVIEWS = YES;
				GENERATE_INFOPLIST_FILE = YES;
				INFOPLIST_KEY_UIApplicationSceneManifest_Generation = YES;
				INFOPLIST_KEY_UIApplicationSupportsIndirectInputEvents = YES;
				INFOPLIST_KEY_UILaunchScreen_Generation = YES;
				INFOPLIST_KEY_UISupportedInterfaceOrientations_iPad = "UIInterfaceOrientationPortrait UIInterfaceOrientationPortraitUpsideDown UIInterfaceOrientationLandscapeLeft UIInterfaceOrientationLandscapeRight";
				INFOPLIST_KEY_UISupportedInterfaceOrientations_iPhone = "UIInterfaceOrientationPortrait UIInterfaceOrientationLandscapeLeft UIInterfaceOrientationLandscapeRight";
				LD_RUNPATH_SEARCH_PATHS = (
					"$(inherited)",
					"@executable_path/Frameworks",
				);
				MARKETING_VERSION = 1.0;
				PRODUCT_BUNDLE_IDENTIFIER = br.com.EdilsonBorges.ReceitaServir;
				PRODUCT_NAME = "$(TARGET_NAME)";
				SWIFT_EMIT_LOC_STRINGS = YES;
				SWIFT_VERSION = 5.0;
				TARGETED_DEVICE_FAMILY = "1,2";
			};
			name = Debug;
		};
		A0A751A72A6EFC870013AB7F /* Release */ = {
			isa = XCBuildConfiguration;
			buildSettings = {
				ASSETCATALOG_COMPILER_APPICON_NAME = AppIcon;
				ASSETCATALOG_COMPILER_GLOBAL_ACCENT_COLOR_NAME = AccentColor;
				CODE_SIGN_STYLE = Automatic;
				CURRENT_PROJECT_VERSION = 1;
				DEVELOPMENT_ASSET_PATHS = "\"ReceitaServir/Preview Content\"";
				DEVELOPMENT_TEAM = PQPU5T7SXS;
				ENABLE_PREVIEWS = YES;
				GENERATE_INFOPLIST_FILE = YES;
				INFOPLIST_KEY_UIApplicationSceneManifest_Generation = YES;
				INFOPLIST_KEY_UIApplicationSupportsIndirectInputEvents = YES;
				INFOPLIST_KEY_UILaunchScreen_Generation = YES;
				INFOPLIST_KEY_UISupportedInterfaceOrientations_iPad = "UIInterfaceOrientationPortrait UIInterfaceOrientationPortraitUpsideDown UIInterfaceOrientationLandscapeLeft UIInterfaceOrientationLandscapeRight";
				INFOPLIST_KEY_UISupportedInterfaceOrientations_iPhone = "UIInterfaceOrientationPortrait UIInterfaceOrientationLandscapeLeft UIInterfaceOrientationLandscapeRight";
				LD_RUNPATH_SEARCH_PATHS = (
					"$(inherited)",
					"@executable_path/Frameworks",
				);
				MARKETING_VERSION = 1.0;
				PRODUCT_BUNDLE_IDENTIFIER = br.com.EdilsonBorges.ReceitaServir;
				PRODUCT_NAME = "$(TARGET_NAME)";
				SWIFT_EMIT_LOC_STRINGS = YES;
				SWIFT_VERSION = 5.0;
				TARGETED_DEVICE_FAMILY = "1,2";
			};
			name = Release;
		};
/* End XCBuildConfiguration section */

/* Begin XCConfigurationList section */
		A0A751922A6EFC850013AB7F /* Build configuration list for PBXProject "ReceitaServir" */ = {
			isa = XCConfigurationList;
			buildConfigurations = (
				A0A751A32A6EFC870013AB7F /* Debug */,
				A0A751A42A6EFC870013AB7F /* Release */,
			);
			defaultConfigurationIsVisible = 0;
			defaultConfigurationName = Release;
		};
		A0A751A52A6EFC870013AB7F /* Build configuration list for PBXNativeTarget "ReceitaServir" */ = {
			isa = XCConfigurationList;
			buildConfigurations = (
				A0A751A62A6EFC870013AB7F /* Debug */,
				A0A751A72A6EFC870013AB7F /* Release */,
			);
			defaultConfigurationIsVisible = 0;
			defaultConfigurationName = Release;
		};
/* End XCConfigurationList section */
	};
	rootObject = A0A7518F2A6EFC850013AB7F /* Project object */;
}
